[[package]]
name = "aho-corasick"
version = "0.6.4"
source = "registry+https://github.com/rust-lang/crates.io-index"
dependencies = [
 "memchr 2.0.1 (registry+https://github.com/rust-lang/crates.io-index)",
]

[[package]]
name = "byteorder"
version = "1.2.2"
source = "registry+https://github.com/rust-lang/crates.io-index"

[[package]]
name = "cpp"
version = "0.3.2"
source = "registry+https://github.com/rust-lang/crates.io-index"
dependencies = [
 "cpp_macros 0.3.2 (registry+https://github.com/rust-lang/crates.io-index)",
]

[[package]]
name = "cpp_build"
version = "0.3.2"
source = "registry+https://github.com/rust-lang/crates.io-index"
dependencies = [
 "cpp_common 0.3.2 (registry+https://github.com/rust-lang/crates.io-index)",
 "cpp_syn 0.12.0 (registry+https://github.com/rust-lang/crates.io-index)",
 "cpp_synmap 0.3.0 (registry+https://github.com/rust-lang/crates.io-index)",
 "cpp_synom 0.12.0 (registry+https://github.com/rust-lang/crates.io-index)",
 "gcc 0.3.54 (registry+https://github.com/rust-lang/crates.io-index)",
 "lazy_static 0.2.11 (registry+https://github.com/rust-lang/crates.io-index)",
]

[[package]]
name = "cpp_common"
version = "0.3.2"
source = "registry+https://github.com/rust-lang/crates.io-index"
dependencies = [
 "cpp_syn 0.12.0 (registry+https://github.com/rust-lang/crates.io-index)",
 "cpp_synom 0.12.0 (registry+https://github.com/rust-lang/crates.io-index)",
 "quote 0.3.15 (registry+https://github.com/rust-lang/crates.io-index)",
]

[[package]]
name = "cpp_macros"
version = "0.3.2"
source = "registry+https://github.com/rust-lang/crates.io-index"
dependencies = [
 "aho-corasick 0.6.4 (registry+https://github.com/rust-lang/crates.io-index)",
 "byteorder 1.2.2 (registry+https://github.com/rust-lang/crates.io-index)",
 "cpp_common 0.3.2 (registry+https://github.com/rust-lang/crates.io-index)",
 "cpp_syn 0.12.0 (registry+https://github.com/rust-lang/crates.io-index)",
 "cpp_synom 0.12.0 (registry+https://github.com/rust-lang/crates.io-index)",
 "lazy_static 0.2.11 (registry+https://github.com/rust-lang/crates.io-index)",
 "quote 0.3.15 (registry+https://github.com/rust-lang/crates.io-index)",
]

[[package]]
name = "cpp_syn"
version = "0.12.0"
source = "registry+https://github.com/rust-lang/crates.io-index"
dependencies = [
 "cpp_synom 0.12.0 (registry+https://github.com/rust-lang/crates.io-index)",
 "quote 0.3.15 (registry+https://github.com/rust-lang/crates.io-index)",
 "unicode-xid 0.0.4 (registry+https://github.com/rust-lang/crates.io-index)",
]

[[package]]
name = "cpp_synmap"
version = "0.3.0"
source = "registry+https://github.com/rust-lang/crates.io-index"
dependencies = [
 "cpp_syn 0.12.0 (registry+https://github.com/rust-lang/crates.io-index)",
 "cpp_synom 0.12.0 (registry+https://github.com/rust-lang/crates.io-index)",
 "memchr 1.0.2 (registry+https://github.com/rust-lang/crates.io-index)",
]

[[package]]
name = "cpp_synom"
version = "0.12.0"
source = "registry+https://github.com/rust-lang/crates.io-index"
dependencies = [
 "unicode-xid 0.0.4 (registry+https://github.com/rust-lang/crates.io-index)",
]

[[package]]
name = "gcc"
version = "0.3.54"
source = "registry+https://github.com/rust-lang/crates.io-index"

[[package]]
name = "htoi"
version = "0.1.0"
dependencies = [
 "cpp 0.3.2 (registry+https://github.com/rust-lang/crates.io-index)",
 "cpp_build 0.3.2 (registry+https://github.com/rust-lang/crates.io-index)",
]

[[package]]
name = "lazy_static"
version = "0.2.11"
source = "registry+https://github.com/rust-lang/crates.io-index"

[[package]]
name = "libc"
version = "0.2.40"
source = "registry+https://github.com/rust-lang/crates.io-index"

[[package]]
name = "memchr"
version = "1.0.2"
source = "registry+https://github.com/rust-lang/crates.io-index"
dependencies = [
 "libc 0.2.40 (registry+https://github.com/rust-lang/crates.io-index)",
]

[[package]]
name = "memchr"
version = "2.0.1"
source = "registry+https://github.com/rust-lang/crates.io-index"
dependencies = [
 "libc 0.2.40 (registry+https://github.com/rust-lang/crates.io-index)",
]

[[package]]
name = "quote"
version = "0.3.15"
source = "registry+https://github.com/rust-lang/crates.io-index"

[[package]]
name = "unicode-xid"
version = "0.0.4"
source = "registry+https://github.com/rust-lang/crates.io-index"

[metadata]
"checksum aho-corasick 0.6.4 (registry+https://github.com/rust-lang/crates.io-index)" = "d6531d44de723825aa81398a6415283229725a00fa30713812ab9323faa82fc4"
"checksum byteorder 1.2.2 (registry+https://github.com/rust-lang/crates.io-index)" = "73b5bdfe7ee3ad0b99c9801d58807a9dbc9e09196365b0203853b99889ab3c87"
"checksum cpp 0.3.2 (registry+https://github.com/rust-lang/crates.io-index)" = "b244cf36c028e27227d6e7f9963c768dff5a1c06d5e01ff97f12ef4e05afd57c"
"checksum cpp_build 0.3.2 (registry+https://github.com/rust-lang/crates.io-index)" = "e9aebc7c97550a8c6a1f48dbaf078b033dc546e1b5badde300767099d4cace8f"
"checksum cpp_common 0.3.2 (registry+https://github.com/rust-lang/crates.io-index)" = "4ca58053cb5433ac7d3852eeee6a58314762bdbcbcd765a8f9a4f0e66bf90c72"
"checksum cpp_macros 0.3.2 (registry+https://github.com/rust-lang/crates.io-index)" = "569d52f48c31a5d9ecc749340d355a2d4b80de91d950164bcca7a7580bd2189b"
"checksum cpp_syn 0.12.0 (registry+https://github.com/rust-lang/crates.io-index)" = "a8cd649bf5b3804d92fe12a60c7698f5a538a6033ed8a668bf5241d4d4f1644e"
"checksum cpp_synmap 0.3.0 (registry+https://github.com/rust-lang/crates.io-index)" = "897e4f9cdbe2874edd3ffe53718ee5d8b89e2a970057b2c93d3214104f2e90b6"
"checksum cpp_synom 0.12.0 (registry+https://github.com/rust-lang/crates.io-index)" = "1fc8da5694233b646150c785118f77835ad0a49680c7f312a10ef30957c67b6d"
"checksum gcc 0.3.54 (registry+https://github.com/rust-lang/crates.io-index)" = "5e33ec290da0d127825013597dbdfc28bee4964690c7ce1166cbc2a7bd08b1bb"
"checksum lazy_static 0.2.11 (registry+https://github.com/rust-lang/crates.io-index)" = "76f033c7ad61445c5b347c7382dd1237847eb1bce590fe50365dcb33d546be73"
"checksum libc 0.2.40 (registry+https://github.com/rust-lang/crates.io-index)" = "6fd41f331ac7c5b8ac259b8bf82c75c0fb2e469bbf37d2becbba9a6a2221965b"
"checksum memchr 1.0.2 (registry+https://github.com/rust-lang/crates.io-index)" = "148fab2e51b4f1cfc66da2a7c32981d1d3c083a803978268bb11fe4b86925e7a"
"checksum memchr 2.0.1 (registry+https://github.com/rust-lang/crates.io-index)" = "796fba70e76612589ed2ce7f45282f5af869e0fdd7cc6199fa1aa1f1d591ba9d"
"checksum quote 0.3.15 (registry+https://github.com/rust-lang/crates.io-index)" = "7a6e920b65c65f10b2ae65c831a81a073a89edd28c7cce89475bff467ab4167a"
"checksum unicode-xid 0.0.4 (registry+https://github.com/rust-lang/crates.io-index)" = "8c1f860d7d29cf02cb2f3f359fd35991af3d30bac52c57d265a3c461074cb4dc"
